
Microsoft Visual Studio Solution File, Format Version 12.00
# Visual Studio 15
VisualStudioVersion = 15.0.28010.2019
MinimumVisualStudioVersion = 10.0.40219.1
Project("{FAE04EC0-301F-11D3-BF4B-00C04F79EFBC}") = "ParseText", "ParseText\ParseText.csproj", "{1F56BEF3-3249-4448-BC67-D111D2DD685C}"
EndProject
Global
	GlobalSection(SolutionConfigurationPlatforms) = preSolution
		Debug|Any CPU = Debug|Any CPU
		Release|Any CPU = Release|Any CPU
	EndGlobalSection
	GlobalSection(ProjectConfigurationPlatforms) = postSolution
		{1F56BEF3-3249-4448-BC67-D111D2DD685C}.Debug|Any CPU.ActiveCfg = Debug|Any CPU
		{1F56BEF3-3249-4448-BC67-D111D2DD685C}.Debug|Any CPU.Build.0 = Debug|Any CPU
		{1F56BEF3-3249-4448-BC67-D111D2DD685C}.Release|Any CPU.ActiveCfg = Release|Any CPU
		{1F56BEF3-3249-4448-BC67-D111D2DD685C}.Release|Any CPU.Build.0 = Release|Any CPU
	EndGlobalSection
	GlobalSection(SolutionProperties) = preSolution
		HideSolutionNode = FALSE
	EndGlobalSection
	GlobalSection(ExtensibilityGlobals) = postSolution
		SolutionGuid = {A9E2F5DD-84D4-4709-9785-0B91E7B03950}
	EndGlobalSection
EndGlobal
